// !$*UTF8*$!
{
	archiveVersion = 1;
	classes = {
	};
	objectVersion = 46;
	objects = {

/* Begin PBXBuildFile section */
		5E540C161CB5FA1400DC620D /* LeastResistanceTests.swift in Sources */ = {isa = PBXBuildFile; fileRef = 5E540C151CB5FA1400DC620D /* LeastResistanceTests.swift */; };
		5E540C1D1CB606AE00DC620D /* LeastResistance.swift in Sources */ = {isa = PBXBuildFile; fileRef = 5E540C1C1CB606AE00DC620D /* LeastResistance.swift */; settings = {ASSET_TAGS = (); }; };
/* End PBXBuildFile section */

/* Begin PBXFileReference section */
		5E540C121CB5FA1400DC620D /* LeastResistanceTests.xctest */ = {isa = PBXFileReference; explicitFileType = wrapper.cfbundle; includeInIndex = 0; path = LeastResistanceTests.xctest; sourceTree = BUILT_PRODUCTS_DIR; };
		5E540C151CB5FA1400DC620D /* LeastResistanceTests.swift */ = {isa = PBXFileReference; lastKnownFileType = sourcecode.swift; path = LeastResistanceTests.swift; sourceTree = "<group>"; };
		5E540C171CB5FA1400DC620D /* Info.plist */ = {isa = PBXFileReference; lastKnownFileType = text.plist.xml; path = Info.plist; sourceTree = "<group>"; };
		5E540C1C1CB606AE00DC620D /* LeastResistance.swift */ = {isa = PBXFileReference; fileEncoding = 4; lastKnownFileType = sourcecode.swift; path = LeastResistance.swift; sourceTree = "<group>"; };
/* End PBXFileReference section */

/* Begin PBXFrameworksBuildPhase section */
		5E540C0F1CB5FA1400DC620D /* Frameworks */ = {
			isa = PBXFrameworksBuildPhase;
			buildActionMask = 2147483647;
			files = (
			);
			runOnlyForDeploymentPostprocessing = 0;
		};
/* End PBXFrameworksBuildPhase section */

/* Begin PBXGroup section */
		5E540C071CB5F9C900DC620D = {
			isa = PBXGroup;
			children = (
				5E540C1B1CB6069300DC620D /* LeastResistance */,
				5E540C141CB5FA1400DC620D /* LeastResistanceTests */,
				5E540C131CB5FA1400DC620D /* Products */,
			);
			sourceTree = "<group>";
		};
		5E540C131CB5FA1400DC620D /* Products */ = {
			isa = PBXGroup;
			children = (
				5E540C121CB5FA1400DC620D /* LeastResistanceTests.xctest */,
			);
			name = Products;
			sourceTree = "<group>";
		};
		5E540C141CB5FA1400DC620D /* LeastResistanceTests */ = {
			isa = PBXGroup;
			children = (
				5E540C151CB5FA1400DC620D /* LeastResistanceTests.swift */,
				5E540C171CB5FA1400DC620D /* Info.plist */,
			);
			path = LeastResistanceTests;
			sourceTree = "<group>";
		};
		5E540C1B1CB6069300DC620D /* LeastResistance */ = {
			isa = PBXGroup;
			children = (
				5E540C1C1CB606AE00DC620D /* LeastResistance.swift */,
			);
			name = LeastResistance;
			sourceTree = "<group>";
		};
/* End PBXGroup section */

/* Begin PBXNativeTarget section */
		5E540C111CB5FA1400DC620D /* LeastResistanceTests */ = {
			isa = PBXNativeTarget;
			buildConfigurationList = 5E540C181CB5FA1400DC620D /* Build configuration list for PBXNativeTarget "LeastResistanceTests" */;
			buildPhases = (
				5E540C0E1CB5FA1400DC620D /* Sources */,
				5E540C0F1CB5FA1400DC620D /* Frameworks */,
				5E540C101CB5FA1400DC620D /* Resources */,
			);
			buildRules = (
			);
			dependencies = (
			);
			name = LeastResistanceTests;
			productName = LeastResistanceTests;
			productReference = 5E540C121CB5FA1400DC620D /* LeastResistanceTests.xctest */;
			productType = "com.apple.product-type.bundle.unit-test";
		};
/* End PBXNativeTarget section */

/* Begin PBXProject section */
		5E540C081CB5F9C900DC620D /* Project object */ = {
			isa = PBXProject;
			attributes = {
				LastUpgradeCheck = 0700;
				TargetAttributes = {
					5E540C111CB5FA1400DC620D = {
						CreatedOnToolsVersion = 7.0.1;
					};
				};
			};
			buildConfigurationList = 5E540C0B1CB5F9C900DC620D /* Build configuration list for PBXProject "LeastResistance" */;
			compatibilityVersion = "Xcode 3.2";
			developmentRegion = English;
			hasScannedForEncodings = 0;
			knownRegions = (
				en,
			);
			mainGroup = 5E540C071CB5F9C900DC620D;
			productRefGroup = 5E540C131CB5FA1400DC620D /* Products */;
			projectDirPath = "";
			projectRoot = "";
			targets = (
				5E540C111CB5FA1400DC620D /* LeastResistanceTests */,
			);
		};
/* End PBXProject section */

/* Begin PBXResourcesBuildPhase section */
		5E540C101CB5FA1400DC620D /* Resources */ = {
			isa = PBXResourcesBuildPhase;
			buildActionMask = 2147483647;
			files = (
			);
			runOnlyForDeploymentPostprocessing = 0;
		};
/* End PBXResourcesBuildPhase section */

/* Begin PBXSourcesBuildPhase section */
		5E540C0E1CB5FA1400DC620D /* Sources */ = {
			isa = PBXSourcesBuildPhase;
			buildActionMask = 2147483647;
			files = (
				5E540C1D1CB606AE00DC620D /* LeastResistance.swift in Sources */,
				5E540C161CB5FA1400DC620D /* LeastResistanceTests.swift in Sources */,
			);
			runOnlyForDeploymentPostprocessing = 0;
		};
/* End PBXSourcesBuildPhase section */

/* Begin XCBuildConfiguration section */
		5E540C0C1CB5F9C900DC620D /* Debug */ = {
			isa = XCBuildConfiguration;
			buildSettings = {
			};
			name = Debug;
		};
		5E540C0D1CB5F9C900DC620D /* Release */ = {
			isa = XCBuildConfiguration;
			buildSettings = {
			};
			name = Release;
		};
		5E540C191CB5FA1400DC620D /* Debug */ = {
			isa = XCBuildConfiguration;
			buildSettings = {
				ALWAYS_SEARCH_USER_PATHS = NO;
				CLANG_CXX_LANGUAGE_STANDARD = "gnu++0x";
				CLANG_CXX_LIBRARY = "libc++";
				CLANG_ENABLE_MODULES = YES;
				CLANG_ENABLE_OBJC_ARC = YES;
				CLANG_WARN_BOOL_CONVERSION = YES;
				CLANG_WARN_CONSTANT_CONVERSION = YES;
				CLANG_WARN_DIRECT_OBJC_ISA_USAGE = YES_ERROR;
				CLANG_WARN_EMPTY_BODY = YES;
				CLANG_WARN_ENUM_CONVERSION = YES;
				CLANG_WARN_INT_CONVERSION = YES;
				CLANG_WARN_OBJC_ROOT_CLASS = YES_ERROR;
				CLANG_WARN_UNREACHABLE_CODE = YES;
				CLANG_WARN__DUPLICATE_METHOD_MATCH = YES;
				COPY_PHASE_STRIP = NO;
				DEBUG_INFORMATION_FORMAT = dwarf;
				ENABLE_STRICT_OBJC_MSGSEND = YES;
				ENABLE_TESTABILITY = YES;
				GCC_C_LANGUAGE_STANDARD = gnu99;
				GCC_DYNAMIC_NO_PIC = NO;
				GCC_NO_COMMON_BLOCKS = YES;
				GCC_OPTIMIZATION_LEVEL = 0;
				GCC_PREPROCESSOR_DEFINITIONS = (
					"DEBUG=1",
					"$(inherited)",
				);
				GCC_WARN_64_TO_32_BIT_CONVERSION = YES;
				GCC_WARN_ABOUT_RETURN_TYPE = YES_ERROR;
				GCC_WARN_UNDECLARED_SELECTOR = YES;
				GCC_WARN_UNINITIALIZED_AUTOS = YES_AGGRESSIVE;
				GCC_WARN_UNUSED_FUNCTION = YES;
				GCC_WARN_UNUSED_VARIABLE = YES;
				INFOPLIST_FILE = LeastResistanceTests/Info.plist;
				IPHONEOS_DEPLOYMENT_TARGET = 9.0;
				LD_RUNPATH_SEARCH_PATHS = "$(inherited) @executable_path/Frameworks @loader_path/Frameworks";
				MTL_ENABLE_DEBUG_INFO = YES;
				ONLY_ACTIVE_ARCH = YES;
				PRODUCT_BUNDLE_IDENTIFIER = com.pillar.LeastResistanceTests;
				PRODUCT_NAME = "$(TARGET_NAME)";
				SDKROOT = iphoneos;
				SWIFT_OPTIMIZATION_LEVEL = "-Onone";
			};
			name = Debug;
		};
		5E540C1A1CB5FA1400DC620D /* Release */ = {
			isa = XCBuildConfiguration;
			buildSettings = {
				ALWAYS_SEARCH_USER_PATHS = NO;
				CLANG_CXX_LANGUAGE_STANDARD = "gnu++0x";
				CLANG_CXX_LIBRARY = "libc++";
				CLANG_ENABLE_MODULES = YES;
				CLANG_ENABLE_OBJC_ARC = YES;
				CLANG_WARN_BOOL_CONVERSION = YES;
				CLANG_WARN_CONSTANT_CONVERSION = YES;
				CLANG_WARN_DIRECT_OBJC_ISA_USAGE = YES_ERROR;
				CLANG_WARN_EMPTY_BODY = YES;
				CLANG_WARN_ENUM_CONVERSION = YES;
				CLANG_WARN_INT_CONVERSION = YES;
				CLANG_WARN_OBJC_ROOT_CLASS = YES_ERROR;
				CLANG_WARN_UNREACHABLE_CODE = YES;
				CLANG_WARN__DUPLICATE_METHOD_MATCH = YES;
				COPY_PHASE_STRIP = NO;
				DEBUG_INFORMATION_FORMAT = "dwarf-with-dsym";
				ENABLE_NS_ASSERTIONS = NO;
				ENABLE_STRICT_OBJC_MSGSEND = YES;
				GCC_C_LANGUAGE_STANDARD = gnu99;
				GCC_NO_COMMON_BLOCKS = YES;
				GCC_WARN_64_TO_32_BIT_CONVERSION = YES;
				GCC_WARN_ABOUT_RETURN_TYPE = YES_ERROR;
				GCC_WARN_UNDECLARED_SELECTOR = YES;
				GCC_WARN_UNINITIALIZED_AUTOS = YES_AGGRESSIVE;
				GCC_WARN_UNUSED_FUNCTION = YES;
				GCC_WARN_UNUSED_VARIABLE = YES;
				INFOPLIST_FILE = LeastResistanceTests/Info.plist;
				IPHONEOS_DEPLOYMENT_TARGET = 9.0;
				LD_RUNPATH_SEARCH_PATHS = "$(inherited) @executable_path/Frameworks @loader_path/Frameworks";
				MTL_ENABLE_DEBUG_INFO = NO;
				PRODUCT_BUNDLE_IDENTIFIER = com.pillar.LeastResistanceTests;
				PRODUCT_NAME = "$(TARGET_NAME)";
				SDKROOT = iphoneos;
				VALIDATE_PRODUCT = YES;
			};
			name = Release;
		};
/* End XCBuildConfiguration section */

/* Begin XCConfigurationList section */
		5E540C0B1CB5F9C900DC620D /* Build configuration list for PBXProject "LeastResistance" */ = {
			isa = XCConfigurationList;
			buildConfigurations = (
				5E540C0C1CB5F9C900DC620D /* Debug */,
				5E540C0D1CB5F9C900DC620D /* Release */,
			);
			defaultConfigurationIsVisible = 0;
			defaultConfigurationName = Release;
		};
		5E540C181CB5FA1400DC620D /* Build configuration list for PBXNativeTarget "LeastResistanceTests" */ = {
			isa = XCConfigurationList;
			buildConfigurations = (
				5E540C191CB5FA1400DC620D /* Debug */,
				5E540C1A1CB5FA1400DC620D /* Release */,
			);
			defaultConfigurationIsVisible = 0;
		};
/* End XCConfigurationList section */
	};
	rootObject = 5E540C081CB5F9C900DC620D /* Project object */;
}
